// !$*UTF8*$!
{
	archiveVersion = 1;
	classes = {
	};
	objectVersion = 46;
	objects = {

/* Begin PBXBuildFile section */
		641644F31DD3ACD400844BC8 /* Midas.swift in Sources */ = {isa = PBXBuildFile; fileRef = 641644F21DD3ACD400844BC8 /* Midas.swift */; };
		643995791D9BFC3A004A101D /* AppDelegate.swift in Sources */ = {isa = PBXBuildFile; fileRef = 643995781D9BFC3A004A101D /* AppDelegate.swift */; };
		6439957B1D9BFC3A004A101D /* ViewController.swift in Sources */ = {isa = PBXBuildFile; fileRef = 6439957A1D9BFC3A004A101D /* ViewController.swift */; };
		6439957D1D9BFC3A004A101D /* Assets.xcassets in Resources */ = {isa = PBXBuildFile; fileRef = 6439957C1D9BFC3A004A101D /* Assets.xcassets */; };
		643995801D9BFC3A004A101D /* Main.storyboard in Resources */ = {isa = PBXBuildFile; fileRef = 6439957E1D9BFC3A004A101D /* Main.storyboard */; };
/* End PBXBuildFile section */

/* Begin PBXFileReference section */
		641644F21DD3ACD400844BC8 /* Midas.swift */ = {isa = PBXFileReference; fileEncoding = 4; lastKnownFileType = sourcecode.swift; path = Midas.swift; sourceTree = "<group>"; };
		643995751D9BFC3A004A101D /* CapTouch.app */ = {isa = PBXFileReference; explicitFileType = wrapper.application; includeInIndex = 0; path = CapTouch.app; sourceTree = BUILT_PRODUCTS_DIR; };
		643995781D9BFC3A004A101D /* AppDelegate.swift */ = {isa = PBXFileReference; lastKnownFileType = sourcecode.swift; path = AppDelegate.swift; sourceTree = "<group>"; };
		6439957A1D9BFC3A004A101D /* ViewController.swift */ = {isa = PBXFileReference; lastKnownFileType = sourcecode.swift; path = ViewController.swift; sourceTree = "<group>"; };
		6439957C1D9BFC3A004A101D /* Assets.xcassets */ = {isa = PBXFileReference; lastKnownFileType = folder.assetcatalog; path = Assets.xcassets; sourceTree = "<group>"; };
		6439957F1D9BFC3A004A101D /* Base */ = {isa = PBXFileReference; lastKnownFileType = file.storyboard; name = Base; path = Base.lproj/Main.storyboard; sourceTree = "<group>"; };
		643995811D9BFC3A004A101D /* Info.plist */ = {isa = PBXFileReference; lastKnownFileType = text.plist.xml; path = Info.plist; sourceTree = "<group>"; };
/* End PBXFileReference section */

/* Begin PBXFrameworksBuildPhase section */
		643995721D9BFC3A004A101D /* Frameworks */ = {
			isa = PBXFrameworksBuildPhase;
			buildActionMask = 2147483647;
			files = (
			);
			runOnlyForDeploymentPostprocessing = 0;
		};
/* End PBXFrameworksBuildPhase section */

/* Begin PBXGroup section */
		6439956C1D9BFC3A004A101D = {
			isa = PBXGroup;
			children = (
				643995771D9BFC3A004A101D /* CapTouch */,
				643995761D9BFC3A004A101D /* Products */,
			);
			sourceTree = "<group>";
		};
		643995761D9BFC3A004A101D /* Products */ = {
			isa = PBXGroup;
			children = (
				643995751D9BFC3A004A101D /* CapTouch.app */,
			);
			name = Products;
			sourceTree = "<group>";
		};
		643995771D9BFC3A004A101D /* CapTouch */ = {
			isa = PBXGroup;
			children = (
				643995781D9BFC3A004A101D /* AppDelegate.swift */,
				6439957A1D9BFC3A004A101D /* ViewController.swift */,
				6439957C1D9BFC3A004A101D /* Assets.xcassets */,
				6439957E1D9BFC3A004A101D /* Main.storyboard */,
				643995811D9BFC3A004A101D /* Info.plist */,
				641644F21DD3ACD400844BC8 /* Midas.swift */,
			);
			path = CapTouch;
			sourceTree = "<group>";
		};
/* End PBXGroup section */

/* Begin PBXNativeTarget section */
		643995741D9BFC3A004A101D /* CapTouch */ = {
			isa = PBXNativeTarget;
			buildConfigurationList = 643995841D9BFC3A004A101D /* Build configuration list for PBXNativeTarget "CapTouch" */;
			buildPhases = (
				643995711D9BFC3A004A101D /* Sources */,
				643995721D9BFC3A004A101D /* Frameworks */,
				643995731D9BFC3A004A101D /* Resources */,
			);
			buildRules = (
			);
			dependencies = (
			);
			name = CapTouch;
			productName = CapTouch;
			productReference = 643995751D9BFC3A004A101D /* CapTouch.app */;
			productType = "com.apple.product-type.application";
		};
/* End PBXNativeTarget section */

/* Begin PBXProject section */
		6439956D1D9BFC3A004A101D /* Project object */ = {
			isa = PBXProject;
			attributes = {
				LastSwiftUpdateCheck = 0800;
				LastUpgradeCheck = 0800;
				ORGANIZATIONNAME = "Ed Salisbury";
				TargetAttributes = {
					643995741D9BFC3A004A101D = {
						CreatedOnToolsVersion = 8.0;
						ProvisioningStyle = Automatic;
					};
				};
			};
			buildConfigurationList = 643995701D9BFC3A004A101D /* Build configuration list for PBXProject "CapTouch" */;
			compatibilityVersion = "Xcode 3.2";
			developmentRegion = English;
			hasScannedForEncodings = 0;
			knownRegions = (
				en,
				Base,
			);
			mainGroup = 6439956C1D9BFC3A004A101D;
			productRefGroup = 643995761D9BFC3A004A101D /* Products */;
			projectDirPath = "";
			projectRoot = "";
			targets = (
				643995741D9BFC3A004A101D /* CapTouch */,
			);
		};
/* End PBXProject section */

/* Begin PBXResourcesBuildPhase section */
		643995731D9BFC3A004A101D /* Resources */ = {
			isa = PBXResourcesBuildPhase;
			buildActionMask = 2147483647;
			files = (
				6439957D1D9BFC3A004A101D /* Assets.xcassets in Resources */,
				643995801D9BFC3A004A101D /* Main.storyboard in Resources */,
			);
			runOnlyForDeploymentPostprocessing = 0;
		};
/* End PBXResourcesBuildPhase section */

/* Begin PBXSourcesBuildPhase section */
		643995711D9BFC3A004A101D /* Sources */ = {
			isa = PBXSourcesBuildPhase;
			buildActionMask = 2147483647;
			files = (
				641644F31DD3ACD400844BC8 /* Midas.swift in Sources */,
				6439957B1D9BFC3A004A101D /* ViewController.swift in Sources */,
				643995791D9BFC3A004A101D /* AppDelegate.swift in Sources */,
			);
			runOnlyForDeploymentPostprocessing = 0;
		};
/* End PBXSourcesBuildPhase section */

/* Begin PBXVariantGroup section */
		6439957E1D9BFC3A004A101D /* Main.storyboard */ = {
			isa = PBXVariantGroup;
			children = (
				6439957F1D9BFC3A004A101D /* Base */,
			);
			name = Main.storyboard;
			sourceTree = "<group>";
		};
/* End PBXVariantGroup section */

/* Begin XCBuildConfiguration section */
		643995821D9BFC3A004A101D /* Debug */ = {
			isa = XCBuildConfiguration;
			buildSettings = {
				ALWAYS_SEARCH_USER_PATHS = NO;
				CLANG_ANALYZER_NONNULL = YES;
				CLANG_CXX_LANGUAGE_STANDARD = "gnu++0x";
				CLANG_CXX_LIBRARY = "libc++";
				CLANG_ENABLE_MODULES = YES;
				CLANG_ENABLE_OBJC_ARC = YES;
				CLANG_WARN_BOOL_CONVERSION = YES;
				CLANG_WARN_CONSTANT_CONVERSION = YES;
				CLANG_WARN_DIRECT_OBJC_ISA_USAGE = YES_ERROR;
				CLANG_WARN_DOCUMENTATION_COMMENTS = YES;
				CLANG_WARN_EMPTY_BODY = YES;
				CLANG_WARN_ENUM_CONVERSION = YES;
				CLANG_WARN_INFINITE_RECURSION = YES;
				CLANG_WARN_INT_CONVERSION = YES;
				CLANG_WARN_OBJC_ROOT_CLASS = YES_ERROR;
				CLANG_WARN_SUSPICIOUS_MOVES = YES;
				CLANG_WARN_UNREACHABLE_CODE = YES;
				CLANG_WARN__DUPLICATE_METHOD_MATCH = YES;
				CODE_SIGN_IDENTITY = "-";
				COPY_PHASE_STRIP = NO;
				DEBUG_INFORMATION_FORMAT = dwarf;
				ENABLE_STRICT_OBJC_MSGSEND = YES;
				ENABLE_TESTABILITY = YES;
				GCC_C_LANGUAGE_STANDARD = gnu99;
				GCC_DYNAMIC_NO_PIC = NO;
				GCC_NO_COMMON_BLOCKS = YES;
				GCC_OPTIMIZATION_LEVEL = 0;
				GCC_PREPROCESSOR_DEFINITIONS = (
					"DEBUG=1",
					"$(inherited)",
				);
				GCC_WARN_64_TO_32_BIT_CONVERSION = YES;
				GCC_WARN_ABOUT_RETURN_TYPE = YES_ERROR;
				GCC_WARN_UNDECLARED_SELECTOR = YES;
				GCC_WARN_UNINITIALIZED_AUTOS = YES_AGGRESSIVE;
				GCC_WARN_UNUSED_FUNCTION = YES;
				GCC_WARN_UNUSED_VARIABLE = YES;
				MACOSX_DEPLOYMENT_TARGET = 10.11;
				MTL_ENABLE_DEBUG_INFO = YES;
				ONLY_ACTIVE_ARCH = YES;
				SDKROOT = macosx;
				SWIFT_ACTIVE_COMPILATION_CONDITIONS = DEBUG;
				SWIFT_OPTIMIZATION_LEVEL = "-Onone";
			};
			name = Debug;
		};
		643995831D9BFC3A004A101D /* Release */ = {
			isa = XCBuildConfiguration;
			buildSettings = {
				ALWAYS_SEARCH_USER_PATHS = NO;
				CLANG_ANALYZER_NONNULL = YES;
				CLANG_CXX_LANGUAGE_STANDARD = "gnu++0x";
				CLANG_CXX_LIBRARY = "libc++";
				CLANG_ENABLE_MODULES = YES;
				CLANG_ENABLE_OBJC_ARC = YES;
				CLANG_WARN_BOOL_CONVERSION = YES;
				CLANG_WARN_CONSTANT_CONVERSION = YES;
				CLANG_WARN_DIRECT_OBJC_ISA_USAGE = YES_ERROR;
				CLANG_WARN_DOCUMENTATION_COMMENTS = YES;
				CLANG_WARN_EMPTY_BODY = YES;
				CLANG_WARN_ENUM_CONVERSION = YES;
				CLANG_WARN_INFINITE_RECURSION = YES;
				CLANG_WARN_INT_CONVERSION = YES;
				CLANG_WARN_OBJC_ROOT_CLASS = YES_ERROR;
				CLANG_WARN_SUSPICIOUS_MOVES = YES;
				CLANG_WARN_UNREACHABLE_CODE = YES;
				CLANG_WARN__DUPLICATE_METHOD_MATCH = YES;
				CODE_SIGN_IDENTITY = "-";
				COPY_PHASE_STRIP = NO;
				DEBUG_INFORMATION_FORMAT = "dwarf-with-dsym";
				ENABLE_NS_ASSERTIONS = NO;
				ENABLE_STRICT_OBJC_MSGSEND = YES;
				GCC_C_LANGUAGE_STANDARD = gnu99;
				GCC_NO_COMMON_BLOCKS = YES;
				GCC_WARN_64_TO_32_BIT_CONVERSION = YES;
				GCC_WARN_ABOUT_RETURN_TYPE = YES_ERROR;
				GCC_WARN_UNDECLARED_SELECTOR = YES;
				GCC_WARN_UNINITIALIZED_AUTOS = YES_AGGRESSIVE;
				GCC_WARN_UNUSED_FUNCTION = YES;
				GCC_WARN_UNUSED_VARIABLE = YES;
				MACOSX_DEPLOYMENT_TARGET = 10.11;
				MTL_ENABLE_DEBUG_INFO = NO;
				SDKROOT = macosx;
				SWIFT_OPTIMIZATION_LEVEL = "-Owholemodule";
			};
			name = Release;
		};
		643995851D9BFC3A004A101D /* Debug */ = {
			isa = XCBuildConfiguration;
			buildSettings = {
				ASSETCATALOG_COMPILER_APPICON_NAME = AppIcon;
				COMBINE_HIDPI_IMAGES = YES;
				INFOPLIST_FILE = CapTouch/Info.plist;
				LD_RUNPATH_SEARCH_PATHS = "$(inherited) @executable_path/../Frameworks";
				PRODUCT_BUNDLE_IDENTIFIER = com.salisbury.CapTouch;
				PRODUCT_NAME = "$(TARGET_NAME)";
				SWIFT_VERSION = 3.0;
			};
			name = Debug;
		};
		643995861D9BFC3A004A101D /* Release */ = {
			isa = XCBuildConfiguration;
			buildSettings = {
				ASSETCATALOG_COMPILER_APPICON_NAME = AppIcon;
				COMBINE_HIDPI_IMAGES = YES;
				INFOPLIST_FILE = CapTouch/Info.plist;
				LD_RUNPATH_SEARCH_PATHS = "$(inherited) @executable_path/../Frameworks";
				PRODUCT_BUNDLE_IDENTIFIER = com.salisbury.CapTouch;
				PRODUCT_NAME = "$(TARGET_NAME)";
				SWIFT_VERSION = 3.0;
			};
			name = Release;
		};
/* End XCBuildConfiguration section */

/* Begin XCConfigurationList section */
		643995701D9BFC3A004A101D /* Build configuration list for PBXProject "CapTouch" */ = {
			isa = XCConfigurationList;
			buildConfigurations = (
				643995821D9BFC3A004A101D /* Debug */,
				643995831D9BFC3A004A101D /* Release */,
			);
			defaultConfigurationIsVisible = 0;
			defaultConfigurationName = Release;
		};
		643995841D9BFC3A004A101D /* Build configuration list for PBXNativeTarget "CapTouch" */ = {
			isa = XCConfigurationList;
			buildConfigurations = (
				643995851D9BFC3A004A101D /* Debug */,
				643995861D9BFC3A004A101D /* Release */,
			);
			defaultConfigurationIsVisible = 0;
			defaultConfigurationName = Release;
		};
/* End XCConfigurationList section */
	};
	rootObject = 6439956D1D9BFC3A004A101D /* Project object */;
}
